
Microsoft Visual Studio Solution File, Format Version 12.00
# Visual Studio Version 17
VisualStudioVersion = 17.9.34622.214
MinimumVisualStudioVersion = 10.0.40219.1
Project("{FAE04EC0-301F-11D3-BF4B-00C04F79EFBC}") = "File hosting", "File hosting\File hosting.csproj", "{4FFF2259-1227-49FC-BFD0-2F1DB79F68F4}"
EndProject
Global
	GlobalSection(SolutionConfigurationPlatforms) = preSolution
		Debug|Any CPU = Debug|Any CPU
		Release|Any CPU = Release|Any CPU
	EndGlobalSection
	GlobalSection(ProjectConfigurationPlatforms) = postSolution
		{4FFF2259-1227-49FC-BFD0-2F1DB79F68F4}.Debug|Any CPU.ActiveCfg = Debug|Any CPU
		{4FFF2259-1227-49FC-BFD0-2F1DB79F68F4}.Debug|Any CPU.Build.0 = Debug|Any CPU
		{4FFF2259-1227-49FC-BFD0-2F1DB79F68F4}.Release|Any CPU.ActiveCfg = Release|Any CPU
		{4FFF2259-1227-49FC-BFD0-2F1DB79F68F4}.Release|Any CPU.Build.0 = Release|Any CPU
	EndGlobalSection
	GlobalSection(SolutionProperties) = preSolution
		HideSolutionNode = FALSE
	EndGlobalSection
	GlobalSection(ExtensibilityGlobals) = postSolution
		SolutionGuid = {AB866584-A73F-42AB-B4B7-C6F6465D4DAA}
	EndGlobalSection
EndGlobal
